
Microsoft Visual Studio Solution File, Format Version 12.00
# Visual Studio Version 16
VisualStudioVersion = 16.0.29609.76
MinimumVisualStudioVersion = 10.0.40219.1
Project("{FAE04EC0-301F-11D3-BF4B-00C04F79EFBC}") = "FallGuys", "FallGuys\FallGuys.csproj", "{4007D873-9CF3-42B0-A6A2-3640DD553168}"
EndProject
Global
	GlobalSection(SolutionConfigurationPlatforms) = preSolution
		Debug|Any CPU = Debug|Any CPU
		Release|Any CPU = Release|Any CPU
	EndGlobalSection
	GlobalSection(ProjectConfigurationPlatforms) = postSolution
		{4007D873-9CF3-42B0-A6A2-3640DD553168}.Debug|Any CPU.ActiveCfg = Debug|Any CPU
		{4007D873-9CF3-42B0-A6A2-3640DD553168}.Debug|Any CPU.Build.0 = Debug|Any CPU
		{4007D873-9CF3-42B0-A6A2-3640DD553168}.Release|Any CPU.ActiveCfg = Release|Any CPU
		{4007D873-9CF3-42B0-A6A2-3640DD553168}.Release|Any CPU.Build.0 = Release|Any CPU
	EndGlobalSection
	GlobalSection(SolutionProperties) = preSolution
		HideSolutionNode = FALSE
	EndGlobalSection
	GlobalSection(ExtensibilityGlobals) = postSolution
		SolutionGuid = {60464B28-2506-49F6-A6DE-AF4F6650BAD8}
	EndGlobalSection
EndGlobal
